
Microsoft Visual Studio Solution File, Format Version 12.00
# Visual Studio Version 16
VisualStudioVersion = 16.0.30114.105
MinimumVisualStudioVersion = 10.0.40219.1
Project("{FAE04EC0-301F-11D3-BF4B-00C04F79EFBC}") = "AsyncAE", "AsyncAE\AsyncAE.csproj", "{08FCB20B-C532-480B-B348-4C9B9A02E567}"
EndProject
Project("{FAE04EC0-301F-11D3-BF4B-00C04F79EFBC}") = "AsyncAE.Tests", "AsyncAE.Tests\AsyncAE.Tests.csproj", "{794AA38B-46CA-46BD-9163-C8E08C3BFA3B}"
EndProject
Global
	GlobalSection(SolutionConfigurationPlatforms) = preSolution
		Debug|Any CPU = Debug|Any CPU
		Release|Any CPU = Release|Any CPU
	EndGlobalSection
	GlobalSection(SolutionProperties) = preSolution
		HideSolutionNode = FALSE
	EndGlobalSection
	GlobalSection(ProjectConfigurationPlatforms) = postSolution
		{08FCB20B-C532-480B-B348-4C9B9A02E567}.Debug|Any CPU.ActiveCfg = Debug|Any CPU
		{08FCB20B-C532-480B-B348-4C9B9A02E567}.Debug|Any CPU.Build.0 = Debug|Any CPU
		{08FCB20B-C532-480B-B348-4C9B9A02E567}.Release|Any CPU.ActiveCfg = Release|Any CPU
		{08FCB20B-C532-480B-B348-4C9B9A02E567}.Release|Any CPU.Build.0 = Release|Any CPU
		{794AA38B-46CA-46BD-9163-C8E08C3BFA3B}.Debug|Any CPU.ActiveCfg = Debug|Any CPU
		{794AA38B-46CA-46BD-9163-C8E08C3BFA3B}.Debug|Any CPU.Build.0 = Debug|Any CPU
		{794AA38B-46CA-46BD-9163-C8E08C3BFA3B}.Release|Any CPU.ActiveCfg = Release|Any CPU
		{794AA38B-46CA-46BD-9163-C8E08C3BFA3B}.Release|Any CPU.Build.0 = Release|Any CPU
	EndGlobalSection
EndGlobal
